
Microsoft Visual Studio Solution File, Format Version 12.00
# Visual Studio Version 17
VisualStudioVersion = 17.4.33213.308
MinimumVisualStudioVersion = 10.0.40219.1
Project("{FAE04EC0-301F-11D3-BF4B-00C04F79EFBC}") = "Mandelbrot", "Mandelbrot.csproj", "{BAC9B5DF-0B9F-42DC-9945-624B44C837C2}"
EndProject
Global
	GlobalSection(SolutionConfigurationPlatforms) = preSolution
		Debug|Any CPU = Debug|Any CPU
		Release|Any CPU = Release|Any CPU
	EndGlobalSection
	GlobalSection(ProjectConfigurationPlatforms) = postSolution
		{BAC9B5DF-0B9F-42DC-9945-624B44C837C2}.Debug|Any CPU.ActiveCfg = Debug|Any CPU
		{BAC9B5DF-0B9F-42DC-9945-624B44C837C2}.Debug|Any CPU.Build.0 = Debug|Any CPU
		{BAC9B5DF-0B9F-42DC-9945-624B44C837C2}.Release|Any CPU.ActiveCfg = Release|Any CPU
		{BAC9B5DF-0B9F-42DC-9945-624B44C837C2}.Release|Any CPU.Build.0 = Release|Any CPU
	EndGlobalSection
	GlobalSection(SolutionProperties) = preSolution
		HideSolutionNode = FALSE
	EndGlobalSection
	GlobalSection(ExtensibilityGlobals) = postSolution
		SolutionGuid = {484B3B5E-F4E1-4A04-BB97-8B091BBCB8E0}
	EndGlobalSection
EndGlobal
